
Microsoft Visual Studio Solution File, Format Version 12.00
# Visual Studio Version 16
VisualStudioVersion = 16.0.29806.167
MinimumVisualStudioVersion = 10.0.40219.1
Project("{F2A71F9B-5D33-465A-A702-920D77279786}") = "LowCode", "LowCode\LowCode.fsproj", "{F2F0EE72-DB4F-4F1A-BF32-B001EC1DC45C}"
EndProject
Global
	GlobalSection(SolutionConfigurationPlatforms) = preSolution
		Debug|Any CPU = Debug|Any CPU
		Release|Any CPU = Release|Any CPU
	EndGlobalSection
	GlobalSection(ProjectConfigurationPlatforms) = postSolution
		{F2F0EE72-DB4F-4F1A-BF32-B001EC1DC45C}.Debug|Any CPU.ActiveCfg = Debug|Any CPU
		{F2F0EE72-DB4F-4F1A-BF32-B001EC1DC45C}.Debug|Any CPU.Build.0 = Debug|Any CPU
		{F2F0EE72-DB4F-4F1A-BF32-B001EC1DC45C}.Release|Any CPU.ActiveCfg = Release|Any CPU
		{F2F0EE72-DB4F-4F1A-BF32-B001EC1DC45C}.Release|Any CPU.Build.0 = Release|Any CPU
	EndGlobalSection
	GlobalSection(SolutionProperties) = preSolution
		HideSolutionNode = FALSE
	EndGlobalSection
	GlobalSection(ExtensibilityGlobals) = postSolution
		SolutionGuid = {2B82EF56-F976-4FE3-A45C-AD509FCFF56E}
	EndGlobalSection
EndGlobal
