# This file was autogenerated by Stack.
# You should not edit this file by hand.
# For more information, please see the documentation at:
#   https://docs.haskellstack.org/en/stable/lock_files

packages:
- completed:
    hackage: monad-chronicle-1.0.0.1@sha256:7e51e3eac8d105311ba702756bcb43bd12e58e3416660870d5916fb948ac99e6,1881
    pantry-tree:
      size: 388
      sha256: 197bdd185798c46131b7111566b88ea250a2127f29fd05e6d8c9dc120d2d7edf
  original:
    hackage: monad-chronicle-1.0.0.1@sha256:7e51e3eac8d105311ba702756bcb43bd12e58e3416660870d5916fb948ac99e6,1881
snapshots:
- completed:
    size: 494638
    url: https://raw.githubusercontent.com/commercialhaskell/stackage-snapshots/master/lts/15/11.yaml
    sha256: 5747328cdcbb8fe9c96fc048b5566167c80dd176a41b52d3b363058e3cc1dc5d
  original: lts-15.11
