# This file was autogenerated by Stack.
# You should not edit this file by hand.
# For more information, please see the documentation at:
#   https://docs.haskellstack.org/en/stable/lock_files

packages:
- completed:
    hackage: monad-chronicle-1.0.0.1@sha256:7e51e3eac8d105311ba702756bcb43bd12e58e3416660870d5916fb948ac99e6,1881
    pantry-tree:
      size: 388
      sha256: 197bdd185798c46131b7111566b88ea250a2127f29fd05e6d8c9dc120d2d7edf
  original:
    hackage: monad-chronicle-1.0.0.1@sha256:7e51e3eac8d105311ba702756bcb43bd12e58e3416660870d5916fb948ac99e6,1881
snapshots:
- completed:
    size: 532177
    url: https://raw.githubusercontent.com/commercialhaskell/stackage-snapshots/master/lts/16/20.yaml
    sha256: 0e14ba5603f01e8496e8984fd84b545a012ca723f51a098c6c9d3694e404dc6d
  original: lts-16.20
